
Microsoft Visual Studio Solution File, Format Version 12.00
# Visual Studio Version 17
VisualStudioVersion = 17.9.34622.214
MinimumVisualStudioVersion = 10.0.40219.1
Project("{9A19103F-16F7-4668-BE54-9A1E7A4F7556}") = "Client", "Client\Client.csproj", "{87B8E448-C703-4893-9E2F-376D995223BD}"
	ProjectSection(ProjectDependencies) = postProject
		{4CE9BC38-D22E-4829-B5AB-677E6F319AA5} = {4CE9BC38-D22E-4829-B5AB-677E6F319AA5}
		{673E09F2-AA28-46B4-AD5B-8EC2574E4125} = {673E09F2-AA28-46B4-AD5B-8EC2574E4125}
	EndProjectSection
EndProject
Project("{FAE04EC0-301F-11D3-BF4B-00C04F79EFBC}") = "Server", "Server\Server.csproj", "{673E09F2-AA28-46B4-AD5B-8EC2574E4125}"
	ProjectSection(ProjectDependencies) = postProject
		{4CE9BC38-D22E-4829-B5AB-677E6F319AA5} = {4CE9BC38-D22E-4829-B5AB-677E6F319AA5}
	EndProjectSection
EndProject
Project("{FAE04EC0-301F-11D3-BF4B-00C04F79EFBC}") = "Shared", "Shared\Shared.csproj", "{4CE9BC38-D22E-4829-B5AB-677E6F319AA5}"
EndProject
Global
	GlobalSection(SolutionConfigurationPlatforms) = preSolution
		Debug|Any CPU = Debug|Any CPU
		Release|Any CPU = Release|Any CPU
	EndGlobalSection
	GlobalSection(ProjectConfigurationPlatforms) = postSolution
		{87B8E448-C703-4893-9E2F-376D995223BD}.Debug|Any CPU.ActiveCfg = Debug|Any CPU
		{87B8E448-C703-4893-9E2F-376D995223BD}.Debug|Any CPU.Build.0 = Debug|Any CPU
		{87B8E448-C703-4893-9E2F-376D995223BD}.Release|Any CPU.ActiveCfg = Release|Any CPU
		{87B8E448-C703-4893-9E2F-376D995223BD}.Release|Any CPU.Build.0 = Release|Any CPU
		{673E09F2-AA28-46B4-AD5B-8EC2574E4125}.Debug|Any CPU.ActiveCfg = Debug|Any CPU
		{673E09F2-AA28-46B4-AD5B-8EC2574E4125}.Debug|Any CPU.Build.0 = Debug|Any CPU
		{673E09F2-AA28-46B4-AD5B-8EC2574E4125}.Release|Any CPU.ActiveCfg = Release|Any CPU
		{673E09F2-AA28-46B4-AD5B-8EC2574E4125}.Release|Any CPU.Build.0 = Release|Any CPU
		{4CE9BC38-D22E-4829-B5AB-677E6F319AA5}.Debug|Any CPU.ActiveCfg = Debug|Any CPU
		{4CE9BC38-D22E-4829-B5AB-677E6F319AA5}.Debug|Any CPU.Build.0 = Debug|Any CPU
		{4CE9BC38-D22E-4829-B5AB-677E6F319AA5}.Release|Any CPU.ActiveCfg = Release|Any CPU
		{4CE9BC38-D22E-4829-B5AB-677E6F319AA5}.Release|Any CPU.Build.0 = Release|Any CPU
	EndGlobalSection
	GlobalSection(SolutionProperties) = preSolution
		HideSolutionNode = FALSE
	EndGlobalSection
	GlobalSection(ExtensibilityGlobals) = postSolution
		SolutionGuid = {5352F8BA-D9D0-4147-A394-863CDAED5C16}
	EndGlobalSection
EndGlobal
